
Microsoft Visual Studio Solution File, Format Version 12.00
# Visual Studio Version 16
VisualStudioVersion = 16.0.32602.290
MinimumVisualStudioVersion = 10.0.40219.1
Project("{9A19103F-16F7-4668-BE54-9A1E7A4F7556}") = "ThanhToan247.xyz", "ThanhToan247.xyz.csproj", "{F7423139-095B-4647-97D3-67F6E1C92E78}"
EndProject
Global
	GlobalSection(SolutionConfigurationPlatforms) = preSolution
		Debug|Any CPU = Debug|Any CPU
		Release|Any CPU = Release|Any CPU
	EndGlobalSection
	GlobalSection(ProjectConfigurationPlatforms) = postSolution
		{F7423139-095B-4647-97D3-67F6E1C92E78}.Debug|Any CPU.ActiveCfg = Debug|Any CPU
		{F7423139-095B-4647-97D3-67F6E1C92E78}.Debug|Any CPU.Build.0 = Debug|Any CPU
		{F7423139-095B-4647-97D3-67F6E1C92E78}.Release|Any CPU.ActiveCfg = Release|Any CPU
		{F7423139-095B-4647-97D3-67F6E1C92E78}.Release|Any CPU.Build.0 = Release|Any CPU
	EndGlobalSection
	GlobalSection(SolutionProperties) = preSolution
		HideSolutionNode = FALSE
	EndGlobalSection
	GlobalSection(ExtensibilityGlobals) = postSolution
		SolutionGuid = {C268D4C9-7919-4688-ADA0-FDA7FAC7D436}
	EndGlobalSection
EndGlobal
